
Microsoft Visual Studio Solution File, Format Version 12.00
# Visual Studio Version 16
VisualStudioVersion = 16.0.30804.86
MinimumVisualStudioVersion = 10.0.40219.1
Project("{2150E333-8FDC-42A3-9474-1A3956D46DE8}") = "src", "src", "{FBE36704-71F9-4A86-A487-C1BC0592B09A}"
EndProject
Project("{2150E333-8FDC-42A3-9474-1A3956D46DE8}") = "Core", "Core", "{2412769F-5990-4DBD-A091-7A4C5B3EE107}"
EndProject
Project("{2150E333-8FDC-42A3-9474-1A3956D46DE8}") = "API", "API", "{100E2A50-3347-4A69-895B-2CA0B15F4CA4}"
EndProject
Project("{9A19103F-16F7-4668-BE54-9A1E7A4F7556}") = "GloboTicket.TicketManagement.Api", "src\API\GloboTicket.TicketManagement.Api\GloboTicket.TicketManagement.Api.csproj", "{08B12265-AEB5-4B64-B8B4-7DBD6A76245D}"
EndProject
Global
	GlobalSection(SolutionConfigurationPlatforms) = preSolution
		Debug|Any CPU = Debug|Any CPU
		Debug|x64 = Debug|x64
		Debug|x86 = Debug|x86
		Release|Any CPU = Release|Any CPU
		Release|x64 = Release|x64
		Release|x86 = Release|x86
	EndGlobalSection
	GlobalSection(ProjectConfigurationPlatforms) = postSolution
		{08B12265-AEB5-4B64-B8B4-7DBD6A76245D}.Debug|Any CPU.ActiveCfg = Debug|Any CPU
		{08B12265-AEB5-4B64-B8B4-7DBD6A76245D}.Debug|Any CPU.Build.0 = Debug|Any CPU
		{08B12265-AEB5-4B64-B8B4-7DBD6A76245D}.Debug|x64.ActiveCfg = Debug|Any CPU
		{08B12265-AEB5-4B64-B8B4-7DBD6A76245D}.Debug|x64.Build.0 = Debug|Any CPU
		{08B12265-AEB5-4B64-B8B4-7DBD6A76245D}.Debug|x86.ActiveCfg = Debug|Any CPU
		{08B12265-AEB5-4B64-B8B4-7DBD6A76245D}.Debug|x86.Build.0 = Debug|Any CPU
		{08B12265-AEB5-4B64-B8B4-7DBD6A76245D}.Release|Any CPU.ActiveCfg = Release|Any CPU
		{08B12265-AEB5-4B64-B8B4-7DBD6A76245D}.Release|Any CPU.Build.0 = Release|Any CPU
		{08B12265-AEB5-4B64-B8B4-7DBD6A76245D}.Release|x64.ActiveCfg = Release|Any CPU
		{08B12265-AEB5-4B64-B8B4-7DBD6A76245D}.Release|x64.Build.0 = Release|Any CPU
		{08B12265-AEB5-4B64-B8B4-7DBD6A76245D}.Release|x86.ActiveCfg = Release|Any CPU
		{08B12265-AEB5-4B64-B8B4-7DBD6A76245D}.Release|x86.Build.0 = Release|Any CPU
	EndGlobalSection
	GlobalSection(SolutionProperties) = preSolution
		HideSolutionNode = FALSE
	EndGlobalSection
	GlobalSection(NestedProjects) = preSolution
		{2412769F-5990-4DBD-A091-7A4C5B3EE107} = {FBE36704-71F9-4A86-A487-C1BC0592B09A}
		{100E2A50-3347-4A69-895B-2CA0B15F4CA4} = {FBE36704-71F9-4A86-A487-C1BC0592B09A}
		{08B12265-AEB5-4B64-B8B4-7DBD6A76245D} = {100E2A50-3347-4A69-895B-2CA0B15F4CA4}
	EndGlobalSection
	GlobalSection(ExtensibilityGlobals) = postSolution
		SolutionGuid = {C2384E84-4356-4DD4-95DD-3FF5BF60FB0B}
	EndGlobalSection
EndGlobal
